
Microsoft Visual Studio Solution File, Format Version 12.00
# Visual Studio 14
VisualStudioVersion = 14.0.23107.0
MinimumVisualStudioVersion = 10.0.40219.1
Project("{F2A71F9B-5D33-465A-A702-920D77279786}") = "Opgave11", "Opgave11\Opgave11.fsproj", "{EFEF6A9C-9093-4D21-8D21-F10E86B25B12}"
EndProject
Global
	GlobalSection(SolutionConfigurationPlatforms) = preSolution
		Debug|Any CPU = Debug|Any CPU
		Release|Any CPU = Release|Any CPU
	EndGlobalSection
	GlobalSection(ProjectConfigurationPlatforms) = postSolution
		{EFEF6A9C-9093-4D21-8D21-F10E86B25B12}.Debug|Any CPU.ActiveCfg = Debug|Any CPU
		{EFEF6A9C-9093-4D21-8D21-F10E86B25B12}.Debug|Any CPU.Build.0 = Debug|Any CPU
		{EFEF6A9C-9093-4D21-8D21-F10E86B25B12}.Release|Any CPU.ActiveCfg = Release|Any CPU
		{EFEF6A9C-9093-4D21-8D21-F10E86B25B12}.Release|Any CPU.Build.0 = Release|Any CPU
	EndGlobalSection
	GlobalSection(SolutionProperties) = preSolution
		HideSolutionNode = FALSE
	EndGlobalSection
EndGlobal
